// !$*UTF8*$!
{
	archiveVersion = 1;
	classes = {
	};
	objectVersion = 50;
	objects = {

/* Begin PBXBuildFile section */
		9C4AE87F26B093C000A5FAF8 /* DetailViewController.swift in Sources */ = {isa = PBXBuildFile; fileRef = 9C4AE87E26B093C000A5FAF8 /* DetailViewController.swift */; };
		9CC367E326A74B91004794C9 /* AppDelegate.swift in Sources */ = {isa = PBXBuildFile; fileRef = 9CC367E226A74B91004794C9 /* AppDelegate.swift */; };
		9CC367E526A74B91004794C9 /* SceneDelegate.swift in Sources */ = {isa = PBXBuildFile; fileRef = 9CC367E426A74B91004794C9 /* SceneDelegate.swift */; };
		9CC367E726A74B91004794C9 /* SelfieListViewController.swift in Sources */ = {isa = PBXBuildFile; fileRef = 9CC367E626A74B91004794C9 /* SelfieListViewController.swift */; };
		9CC367EA26A74B91004794C9 /* Main.storyboard in Resources */ = {isa = PBXBuildFile; fileRef = 9CC367E826A74B91004794C9 /* Main.storyboard */; };
		9CC367EC26A74B94004794C9 /* Assets.xcassets in Resources */ = {isa = PBXBuildFile; fileRef = 9CC367EB26A74B94004794C9 /* Assets.xcassets */; };
		9CC367EF26A74B94004794C9 /* LaunchScreen.storyboard in Resources */ = {isa = PBXBuildFile; fileRef = 9CC367ED26A74B94004794C9 /* LaunchScreen.storyboard */; };
		9CC367FA26A74B95004794C9 /* SelfiegramTests.swift in Sources */ = {isa = PBXBuildFile; fileRef = 9CC367F926A74B95004794C9 /* SelfiegramTests.swift */; };
		9CC3680526A74B95004794C9 /* SelfiegramUITests.swift in Sources */ = {isa = PBXBuildFile; fileRef = 9CC3680426A74B95004794C9 /* SelfiegramUITests.swift */; };
		9CC3681326A8959A004794C9 /* SelfieStore.swift in Sources */ = {isa = PBXBuildFile; fileRef = 9CC3681226A8959A004794C9 /* SelfieStore.swift */; };
		9CC3681526A8A98C004794C9 /* SelfieStoreTests.swift in Sources */ = {isa = PBXBuildFile; fileRef = 9CC3681426A8A98C004794C9 /* SelfieStoreTests.swift */; };
/* End PBXBuildFile section */

/* Begin PBXContainerItemProxy section */
		9CC367F626A74B95004794C9 /* PBXContainerItemProxy */ = {
			isa = PBXContainerItemProxy;
			containerPortal = 9CC367D726A74B91004794C9 /* Project object */;
			proxyType = 1;
			remoteGlobalIDString = 9CC367DE26A74B91004794C9;
			remoteInfo = Selfiegram;
		};
		9CC3680126A74B95004794C9 /* PBXContainerItemProxy */ = {
			isa = PBXContainerItemProxy;
			containerPortal = 9CC367D726A74B91004794C9 /* Project object */;
			proxyType = 1;
			remoteGlobalIDString = 9CC367DE26A74B91004794C9;
			remoteInfo = Selfiegram;
		};
/* End PBXContainerItemProxy section */

/* Begin PBXFileReference section */
		9C4AE87E26B093C000A5FAF8 /* DetailViewController.swift */ = {isa = PBXFileReference; lastKnownFileType = sourcecode.swift; path = DetailViewController.swift; sourceTree = "<group>"; };
		9CC367DF26A74B91004794C9 /* Selfiegram.app */ = {isa = PBXFileReference; explicitFileType = wrapper.application; includeInIndex = 0; path = Selfiegram.app; sourceTree = BUILT_PRODUCTS_DIR; };
		9CC367E226A74B91004794C9 /* AppDelegate.swift */ = {isa = PBXFileReference; lastKnownFileType = sourcecode.swift; path = AppDelegate.swift; sourceTree = "<group>"; };
		9CC367E426A74B91004794C9 /* SceneDelegate.swift */ = {isa = PBXFileReference; lastKnownFileType = sourcecode.swift; path = SceneDelegate.swift; sourceTree = "<group>"; };
		9CC367E626A74B91004794C9 /* SelfieListViewController.swift */ = {isa = PBXFileReference; lastKnownFileType = sourcecode.swift; path = SelfieListViewController.swift; sourceTree = "<group>"; };
		9CC367E926A74B91004794C9 /* Base */ = {isa = PBXFileReference; lastKnownFileType = file.storyboard; name = Base; path = Base.lproj/Main.storyboard; sourceTree = "<group>"; };
		9CC367EB26A74B94004794C9 /* Assets.xcassets */ = {isa = PBXFileReference; lastKnownFileType = folder.assetcatalog; path = Assets.xcassets; sourceTree = "<group>"; };
		9CC367EE26A74B94004794C9 /* Base */ = {isa = PBXFileReference; lastKnownFileType = file.storyboard; name = Base; path = Base.lproj/LaunchScreen.storyboard; sourceTree = "<group>"; };
		9CC367F026A74B94004794C9 /* Info.plist */ = {isa = PBXFileReference; lastKnownFileType = text.plist.xml; path = Info.plist; sourceTree = "<group>"; };
		9CC367F526A74B95004794C9 /* SelfiegramTests.xctest */ = {isa = PBXFileReference; explicitFileType = wrapper.cfbundle; includeInIndex = 0; path = SelfiegramTests.xctest; sourceTree = BUILT_PRODUCTS_DIR; };
		9CC367F926A74B95004794C9 /* SelfiegramTests.swift */ = {isa = PBXFileReference; lastKnownFileType = sourcecode.swift; path = SelfiegramTests.swift; sourceTree = "<group>"; };
		9CC367FB26A74B95004794C9 /* Info.plist */ = {isa = PBXFileReference; lastKnownFileType = text.plist.xml; path = Info.plist; sourceTree = "<group>"; };
		9CC3680026A74B95004794C9 /* SelfiegramUITests.xctest */ = {isa = PBXFileReference; explicitFileType = wrapper.cfbundle; includeInIndex = 0; path = SelfiegramUITests.xctest; sourceTree = BUILT_PRODUCTS_DIR; };
		9CC3680426A74B95004794C9 /* SelfiegramUITests.swift */ = {isa = PBXFileReference; lastKnownFileType = sourcecode.swift; path = SelfiegramUITests.swift; sourceTree = "<group>"; };
		9CC3680626A74B95004794C9 /* Info.plist */ = {isa = PBXFileReference; lastKnownFileType = text.plist.xml; path = Info.plist; sourceTree = "<group>"; };
		9CC3681226A8959A004794C9 /* SelfieStore.swift */ = {isa = PBXFileReference; lastKnownFileType = sourcecode.swift; path = SelfieStore.swift; sourceTree = "<group>"; };
		9CC3681426A8A98C004794C9 /* SelfieStoreTests.swift */ = {isa = PBXFileReference; lastKnownFileType = sourcecode.swift; path = SelfieStoreTests.swift; sourceTree = "<group>"; };
/* End PBXFileReference section */

/* Begin PBXFrameworksBuildPhase section */
		9CC367DC26A74B91004794C9 /* Frameworks */ = {
			isa = PBXFrameworksBuildPhase;
			buildActionMask = 2147483647;
			files = (
			);
			runOnlyForDeploymentPostprocessing = 0;
		};
		9CC367F226A74B95004794C9 /* Frameworks */ = {
			isa = PBXFrameworksBuildPhase;
			buildActionMask = 2147483647;
			files = (
			);
			runOnlyForDeploymentPostprocessing = 0;
		};
		9CC367FD26A74B95004794C9 /* Frameworks */ = {
			isa = PBXFrameworksBuildPhase;
			buildActionMask = 2147483647;
			files = (
			);
			runOnlyForDeploymentPostprocessing = 0;
		};
/* End PBXFrameworksBuildPhase section */

/* Begin PBXGroup section */
		9CC367D626A74B91004794C9 = {
			isa = PBXGroup;
			children = (
				9CC367E126A74B91004794C9 /* Selfiegram */,
				9CC367F826A74B95004794C9 /* SelfiegramTests */,
				9CC3680326A74B95004794C9 /* SelfiegramUITests */,
				9CC367E026A74B91004794C9 /* Products */,
			);
			sourceTree = "<group>";
		};
		9CC367E026A74B91004794C9 /* Products */ = {
			isa = PBXGroup;
			children = (
				9CC367DF26A74B91004794C9 /* Selfiegram.app */,
				9CC367F526A74B95004794C9 /* SelfiegramTests.xctest */,
				9CC3680026A74B95004794C9 /* SelfiegramUITests.xctest */,
			);
			name = Products;
			sourceTree = "<group>";
		};
		9CC367E126A74B91004794C9 /* Selfiegram */ = {
			isa = PBXGroup;
			children = (
				9CC367E226A74B91004794C9 /* AppDelegate.swift */,
				9CC367E426A74B91004794C9 /* SceneDelegate.swift */,
				9CC367E626A74B91004794C9 /* SelfieListViewController.swift */,
				9C4AE87E26B093C000A5FAF8 /* DetailViewController.swift */,
				9CC367E826A74B91004794C9 /* Main.storyboard */,
				9CC367EB26A74B94004794C9 /* Assets.xcassets */,
				9CC367ED26A74B94004794C9 /* LaunchScreen.storyboard */,
				9CC367F026A74B94004794C9 /* Info.plist */,
				9CC3681226A8959A004794C9 /* SelfieStore.swift */,
			);
			path = Selfiegram;
			sourceTree = "<group>";
		};
		9CC367F826A74B95004794C9 /* SelfiegramTests */ = {
			isa = PBXGroup;
			children = (
				9CC367F926A74B95004794C9 /* SelfiegramTests.swift */,
				9CC367FB26A74B95004794C9 /* Info.plist */,
				9CC3681426A8A98C004794C9 /* SelfieStoreTests.swift */,
			);
			path = SelfiegramTests;
			sourceTree = "<group>";
		};
		9CC3680326A74B95004794C9 /* SelfiegramUITests */ = {
			isa = PBXGroup;
			children = (
				9CC3680426A74B95004794C9 /* SelfiegramUITests.swift */,
				9CC3680626A74B95004794C9 /* Info.plist */,
			);
			path = SelfiegramUITests;
			sourceTree = "<group>";
		};
/* End PBXGroup section */

/* Begin PBXNativeTarget section */
		9CC367DE26A74B91004794C9 /* Selfiegram */ = {
			isa = PBXNativeTarget;
			buildConfigurationList = 9CC3680926A74B95004794C9 /* Build configuration list for PBXNativeTarget "Selfiegram" */;
			buildPhases = (
				9CC367DB26A74B91004794C9 /* Sources */,
				9CC367DC26A74B91004794C9 /* Frameworks */,
				9CC367DD26A74B91004794C9 /* Resources */,
			);
			buildRules = (
			);
			dependencies = (
			);
			name = Selfiegram;
			productName = Selfiegram;
			productReference = 9CC367DF26A74B91004794C9 /* Selfiegram.app */;
			productType = "com.apple.product-type.application";
		};
		9CC367F426A74B95004794C9 /* SelfiegramTests */ = {
			isa = PBXNativeTarget;
			buildConfigurationList = 9CC3680C26A74B95004794C9 /* Build configuration list for PBXNativeTarget "SelfiegramTests" */;
			buildPhases = (
				9CC367F126A74B95004794C9 /* Sources */,
				9CC367F226A74B95004794C9 /* Frameworks */,
				9CC367F326A74B95004794C9 /* Resources */,
			);
			buildRules = (
			);
			dependencies = (
				9CC367F726A74B95004794C9 /* PBXTargetDependency */,
			);
			name = SelfiegramTests;
			productName = SelfiegramTests;
			productReference = 9CC367F526A74B95004794C9 /* SelfiegramTests.xctest */;
			productType = "com.apple.product-type.bundle.unit-test";
		};
		9CC367FF26A74B95004794C9 /* SelfiegramUITests */ = {
			isa = PBXNativeTarget;
			buildConfigurationList = 9CC3680F26A74B95004794C9 /* Build configuration list for PBXNativeTarget "SelfiegramUITests" */;
			buildPhases = (
				9CC367FC26A74B95004794C9 /* Sources */,
				9CC367FD26A74B95004794C9 /* Frameworks */,
				9CC367FE26A74B95004794C9 /* Resources */,
			);
			buildRules = (
			);
			dependencies = (
				9CC3680226A74B95004794C9 /* PBXTargetDependency */,
			);
			name = SelfiegramUITests;
			productName = SelfiegramUITests;
			productReference = 9CC3680026A74B95004794C9 /* SelfiegramUITests.xctest */;
			productType = "com.apple.product-type.bundle.ui-testing";
		};
/* End PBXNativeTarget section */

/* Begin PBXProject section */
		9CC367D726A74B91004794C9 /* Project object */ = {
			isa = PBXProject;
			attributes = {
				LastSwiftUpdateCheck = 1250;
				LastUpgradeCheck = 1250;
				TargetAttributes = {
					9CC367DE26A74B91004794C9 = {
						CreatedOnToolsVersion = 12.5.1;
					};
					9CC367F426A74B95004794C9 = {
						CreatedOnToolsVersion = 12.5.1;
						TestTargetID = 9CC367DE26A74B91004794C9;
					};
					9CC367FF26A74B95004794C9 = {
						CreatedOnToolsVersion = 12.5.1;
						TestTargetID = 9CC367DE26A74B91004794C9;
					};
				};
			};
			buildConfigurationList = 9CC367DA26A74B91004794C9 /* Build configuration list for PBXProject "Selfiegram" */;
			compatibilityVersion = "Xcode 9.3";
			developmentRegion = en;
			hasScannedForEncodings = 0;
			knownRegions = (
				en,
				Base,
			);
			mainGroup = 9CC367D626A74B91004794C9;
			productRefGroup = 9CC367E026A74B91004794C9 /* Products */;
			projectDirPath = "";
			projectRoot = "";
			targets = (
				9CC367DE26A74B91004794C9 /* Selfiegram */,
				9CC367F426A74B95004794C9 /* SelfiegramTests */,
				9CC367FF26A74B95004794C9 /* SelfiegramUITests */,
			);
		};
/* End PBXProject section */

/* Begin PBXResourcesBuildPhase section */
		9CC367DD26A74B91004794C9 /* Resources */ = {
			isa = PBXResourcesBuildPhase;
			buildActionMask = 2147483647;
			files = (
				9CC367EF26A74B94004794C9 /* LaunchScreen.storyboard in Resources */,
				9CC367EC26A74B94004794C9 /* Assets.xcassets in Resources */,
				9CC367EA26A74B91004794C9 /* Main.storyboard in Resources */,
			);
			runOnlyForDeploymentPostprocessing = 0;
		};
		9CC367F326A74B95004794C9 /* Resources */ = {
			isa = PBXResourcesBuildPhase;
			buildActionMask = 2147483647;
			files = (
			);
			runOnlyForDeploymentPostprocessing = 0;
		};
		9CC367FE26A74B95004794C9 /* Resources */ = {
			isa = PBXResourcesBuildPhase;
			buildActionMask = 2147483647;
			files = (
			);
			runOnlyForDeploymentPostprocessing = 0;
		};
/* End PBXResourcesBuildPhase section */

/* Begin PBXSourcesBuildPhase section */
		9CC367DB26A74B91004794C9 /* Sources */ = {
			isa = PBXSourcesBuildPhase;
			buildActionMask = 2147483647;
			files = (
				9CC367E726A74B91004794C9 /* SelfieListViewController.swift in Sources */,
				9CC3681326A8959A004794C9 /* SelfieStore.swift in Sources */,
				9C4AE87F26B093C000A5FAF8 /* DetailViewController.swift in Sources */,
				9CC367E326A74B91004794C9 /* AppDelegate.swift in Sources */,
				9CC367E526A74B91004794C9 /* SceneDelegate.swift in Sources */,
			);
			runOnlyForDeploymentPostprocessing = 0;
		};
		9CC367F126A74B95004794C9 /* Sources */ = {
			isa = PBXSourcesBuildPhase;
			buildActionMask = 2147483647;
			files = (
				9CC367FA26A74B95004794C9 /* SelfiegramTests.swift in Sources */,
				9CC3681526A8A98C004794C9 /* SelfieStoreTests.swift in Sources */,
			);
			runOnlyForDeploymentPostprocessing = 0;
		};
		9CC367FC26A74B95004794C9 /* Sources */ = {
			isa = PBXSourcesBuildPhase;
			buildActionMask = 2147483647;
			files = (
				9CC3680526A74B95004794C9 /* SelfiegramUITests.swift in Sources */,
			);
			runOnlyForDeploymentPostprocessing = 0;
		};
/* End PBXSourcesBuildPhase section */

/* Begin PBXTargetDependency section */
		9CC367F726A74B95004794C9 /* PBXTargetDependency */ = {
			isa = PBXTargetDependency;
			target = 9CC367DE26A74B91004794C9 /* Selfiegram */;
			targetProxy = 9CC367F626A74B95004794C9 /* PBXContainerItemProxy */;
		};
		9CC3680226A74B95004794C9 /* PBXTargetDependency */ = {
			isa = PBXTargetDependency;
			target = 9CC367DE26A74B91004794C9 /* Selfiegram */;
			targetProxy = 9CC3680126A74B95004794C9 /* PBXContainerItemProxy */;
		};
/* End PBXTargetDependency section */

/* Begin PBXVariantGroup section */
		9CC367E826A74B91004794C9 /* Main.storyboard */ = {
			isa = PBXVariantGroup;
			children = (
				9CC367E926A74B91004794C9 /* Base */,
			);
			name = Main.storyboard;
			sourceTree = "<group>";
		};
		9CC367ED26A74B94004794C9 /* LaunchScreen.storyboard */ = {
			isa = PBXVariantGroup;
			children = (
				9CC367EE26A74B94004794C9 /* Base */,
			);
			name = LaunchScreen.storyboard;
			sourceTree = "<group>";
		};
/* End PBXVariantGroup section */

/* Begin XCBuildConfiguration section */
		9CC3680726A74B95004794C9 /* Debug */ = {
			isa = XCBuildConfiguration;
			buildSettings = {
				ALWAYS_SEARCH_USER_PATHS = NO;
				CLANG_ANALYZER_NONNULL = YES;
				CLANG_ANALYZER_NUMBER_OBJECT_CONVERSION = YES_AGGRESSIVE;
				CLANG_CXX_LANGUAGE_STANDARD = "gnu++14";
				CLANG_CXX_LIBRARY = "libc++";
				CLANG_ENABLE_MODULES = YES;
				CLANG_ENABLE_OBJC_ARC = YES;
				CLANG_ENABLE_OBJC_WEAK = YES;
				CLANG_WARN_BLOCK_CAPTURE_AUTORELEASING = YES;
				CLANG_WARN_BOOL_CONVERSION = YES;
				CLANG_WARN_COMMA = YES;
				CLANG_WARN_CONSTANT_CONVERSION = YES;
				CLANG_WARN_DEPRECATED_OBJC_IMPLEMENTATIONS = YES;
				CLANG_WARN_DIRECT_OBJC_ISA_USAGE = YES_ERROR;
				CLANG_WARN_DOCUMENTATION_COMMENTS = YES;
				CLANG_WARN_EMPTY_BODY = YES;
				CLANG_WARN_ENUM_CONVERSION = YES;
				CLANG_WARN_INFINITE_RECURSION = YES;
				CLANG_WARN_INT_CONVERSION = YES;
				CLANG_WARN_NON_LITERAL_NULL_CONVERSION = YES;
				CLANG_WARN_OBJC_IMPLICIT_RETAIN_SELF = YES;
				CLANG_WARN_OBJC_LITERAL_CONVERSION = YES;
				CLANG_WARN_OBJC_ROOT_CLASS = YES_ERROR;
				CLANG_WARN_QUOTED_INCLUDE_IN_FRAMEWORK_HEADER = YES;
				CLANG_WARN_RANGE_LOOP_ANALYSIS = YES;
				CLANG_WARN_STRICT_PROTOTYPES = YES;
				CLANG_WARN_SUSPICIOUS_MOVE = YES;
				CLANG_WARN_UNGUARDED_AVAILABILITY = YES_AGGRESSIVE;
				CLANG_WARN_UNREACHABLE_CODE = YES;
				CLANG_WARN__DUPLICATE_METHOD_MATCH = YES;
				COPY_PHASE_STRIP = NO;
				DEBUG_INFORMATION_FORMAT = dwarf;
				ENABLE_STRICT_OBJC_MSGSEND = YES;
				ENABLE_TESTABILITY = YES;
				GCC_C_LANGUAGE_STANDARD = gnu11;
				GCC_DYNAMIC_NO_PIC = NO;
				GCC_NO_COMMON_BLOCKS = YES;
				GCC_OPTIMIZATION_LEVEL = 0;
				GCC_PREPROCESSOR_DEFINITIONS = (
					"DEBUG=1",
					"$(inherited)",
				);
				GCC_WARN_64_TO_32_BIT_CONVERSION = YES;
				GCC_WARN_ABOUT_RETURN_TYPE = YES_ERROR;
				GCC_WARN_UNDECLARED_SELECTOR = YES;
				GCC_WARN_UNINITIALIZED_AUTOS = YES_AGGRESSIVE;
				GCC_WARN_UNUSED_FUNCTION = YES;
				GCC_WARN_UNUSED_VARIABLE = YES;
				IPHONEOS_DEPLOYMENT_TARGET = 14.5;
				MTL_ENABLE_DEBUG_INFO = INCLUDE_SOURCE;
				MTL_FAST_MATH = YES;
				ONLY_ACTIVE_ARCH = YES;
				SDKROOT = iphoneos;
				SWIFT_ACTIVE_COMPILATION_CONDITIONS = DEBUG;
				SWIFT_OPTIMIZATION_LEVEL = "-Onone";
			};
			name = Debug;
		};
		9CC3680826A74B95004794C9 /* Release */ = {
			isa = XCBuildConfiguration;
			buildSettings = {
				ALWAYS_SEARCH_USER_PATHS = NO;
				CLANG_ANALYZER_NONNULL = YES;
				CLANG_ANALYZER_NUMBER_OBJECT_CONVERSION = YES_AGGRESSIVE;
				CLANG_CXX_LANGUAGE_STANDARD = "gnu++14";
				CLANG_CXX_LIBRARY = "libc++";
				CLANG_ENABLE_MODULES = YES;
				CLANG_ENABLE_OBJC_ARC = YES;
				CLANG_ENABLE_OBJC_WEAK = YES;
				CLANG_WARN_BLOCK_CAPTURE_AUTORELEASING = YES;
				CLANG_WARN_BOOL_CONVERSION = YES;
				CLANG_WARN_COMMA = YES;
				CLANG_WARN_CONSTANT_CONVERSION = YES;
				CLANG_WARN_DEPRECATED_OBJC_IMPLEMENTATIONS = YES;
				CLANG_WARN_DIRECT_OBJC_ISA_USAGE = YES_ERROR;
				CLANG_WARN_DOCUMENTATION_COMMENTS = YES;
				CLANG_WARN_EMPTY_BODY = YES;
				CLANG_WARN_ENUM_CONVERSION = YES;
				CLANG_WARN_INFINITE_RECURSION = YES;
				CLANG_WARN_INT_CONVERSION = YES;
				CLANG_WARN_NON_LITERAL_NULL_CONVERSION = YES;
				CLANG_WARN_OBJC_IMPLICIT_RETAIN_SELF = YES;
				CLANG_WARN_OBJC_LITERAL_CONVERSION = YES;
				CLANG_WARN_OBJC_ROOT_CLASS = YES_ERROR;
				CLANG_WARN_QUOTED_INCLUDE_IN_FRAMEWORK_HEADER = YES;
				CLANG_WARN_RANGE_LOOP_ANALYSIS = YES;
				CLANG_WARN_STRICT_PROTOTYPES = YES;
				CLANG_WARN_SUSPICIOUS_MOVE = YES;
				CLANG_WARN_UNGUARDED_AVAILABILITY = YES_AGGRESSIVE;
				CLANG_WARN_UNREACHABLE_CODE = YES;
				CLANG_WARN__DUPLICATE_METHOD_MATCH = YES;
				COPY_PHASE_STRIP = NO;
				DEBUG_INFORMATION_FORMAT = "dwarf-with-dsym";
				ENABLE_NS_ASSERTIONS = NO;
				ENABLE_STRICT_OBJC_MSGSEND = YES;
				GCC_C_LANGUAGE_STANDARD = gnu11;
				GCC_NO_COMMON_BLOCKS = YES;
				GCC_WARN_64_TO_32_BIT_CONVERSION = YES;
				GCC_WARN_ABOUT_RETURN_TYPE = YES_ERROR;
				GCC_WARN_UNDECLARED_SELECTOR = YES;
				GCC_WARN_UNINITIALIZED_AUTOS = YES_AGGRESSIVE;
				GCC_WARN_UNUSED_FUNCTION = YES;
				GCC_WARN_UNUSED_VARIABLE = YES;
				IPHONEOS_DEPLOYMENT_TARGET = 14.5;
				MTL_ENABLE_DEBUG_INFO = NO;
				MTL_FAST_MATH = YES;
				SDKROOT = iphoneos;
				SWIFT_COMPILATION_MODE = wholemodule;
				SWIFT_OPTIMIZATION_LEVEL = "-O";
				VALIDATE_PRODUCT = YES;
			};
			name = Release;
		};
		9CC3680A26A74B95004794C9 /* Debug */ = {
			isa = XCBuildConfiguration;
			buildSettings = {
				ASSETCATALOG_COMPILER_APPICON_NAME = AppIcon;
				ASSETCATALOG_COMPILER_GLOBAL_ACCENT_COLOR_NAME = AccentColor;
				CODE_SIGN_STYLE = Automatic;
				DEVELOPMENT_TEAM = S2NLC87TPJ;
				INFOPLIST_FILE = Selfiegram/Info.plist;
				LD_RUNPATH_SEARCH_PATHS = (
					"$(inherited)",
					"@executable_path/Frameworks",
				);
				PRODUCT_BUNDLE_IDENTIFIER = com.giovannarodrigues.Selfiegram;
				PRODUCT_NAME = "$(TARGET_NAME)";
				SWIFT_VERSION = 5.0;
				TARGETED_DEVICE_FAMILY = "1,2";
			};
			name = Debug;
		};
		9CC3680B26A74B95004794C9 /* Release */ = {
			isa = XCBuildConfiguration;
			buildSettings = {
				ASSETCATALOG_COMPILER_APPICON_NAME = AppIcon;
				ASSETCATALOG_COMPILER_GLOBAL_ACCENT_COLOR_NAME = AccentColor;
				CODE_SIGN_STYLE = Automatic;
				DEVELOPMENT_TEAM = S2NLC87TPJ;
				INFOPLIST_FILE = Selfiegram/Info.plist;
				LD_RUNPATH_SEARCH_PATHS = (
					"$(inherited)",
					"@executable_path/Frameworks",
				);
				PRODUCT_BUNDLE_IDENTIFIER = com.giovannarodrigues.Selfiegram;
				PRODUCT_NAME = "$(TARGET_NAME)";
				SWIFT_VERSION = 5.0;
				TARGETED_DEVICE_FAMILY = "1,2";
			};
			name = Release;
		};
		9CC3680D26A74B95004794C9 /* Debug */ = {
			isa = XCBuildConfiguration;
			buildSettings = {
				ALWAYS_EMBED_SWIFT_STANDARD_LIBRARIES = YES;
				BUNDLE_LOADER = "$(TEST_HOST)";
				CODE_SIGN_STYLE = Automatic;
				DEVELOPMENT_TEAM = S2NLC87TPJ;
				INFOPLIST_FILE = SelfiegramTests/Info.plist;
				IPHONEOS_DEPLOYMENT_TARGET = 14.5;
				LD_RUNPATH_SEARCH_PATHS = (
					"$(inherited)",
					"@executable_path/Frameworks",
					"@loader_path/Frameworks",
				);
				PRODUCT_BUNDLE_IDENTIFIER = com.giovannarodrigues.SelfiegramTests;
				PRODUCT_NAME = "$(TARGET_NAME)";
				SWIFT_VERSION = 5.0;
				TARGETED_DEVICE_FAMILY = "1,2";
				TEST_HOST = "$(BUILT_PRODUCTS_DIR)/Selfiegram.app/Selfiegram";
			};
			name = Debug;
		};
		9CC3680E26A74B95004794C9 /* Release */ = {
			isa = XCBuildConfiguration;
			buildSettings = {
				ALWAYS_EMBED_SWIFT_STANDARD_LIBRARIES = YES;
				BUNDLE_LOADER = "$(TEST_HOST)";
				CODE_SIGN_STYLE = Automatic;
				DEVELOPMENT_TEAM = S2NLC87TPJ;
				INFOPLIST_FILE = SelfiegramTests/Info.plist;
				IPHONEOS_DEPLOYMENT_TARGET = 14.5;
				LD_RUNPATH_SEARCH_PATHS = (
					"$(inherited)",
					"@executable_path/Frameworks",
					"@loader_path/Frameworks",
				);
				PRODUCT_BUNDLE_IDENTIFIER = com.giovannarodrigues.SelfiegramTests;
				PRODUCT_NAME = "$(TARGET_NAME)";
				SWIFT_VERSION = 5.0;
				TARGETED_DEVICE_FAMILY = "1,2";
				TEST_HOST = "$(BUILT_PRODUCTS_DIR)/Selfiegram.app/Selfiegram";
			};
			name = Release;
		};
		9CC3681026A74B95004794C9 /* Debug */ = {
			isa = XCBuildConfiguration;
			buildSettings = {
				ALWAYS_EMBED_SWIFT_STANDARD_LIBRARIES = YES;
				CODE_SIGN_STYLE = Automatic;
				DEVELOPMENT_TEAM = S2NLC87TPJ;
				INFOPLIST_FILE = SelfiegramUITests/Info.plist;
				LD_RUNPATH_SEARCH_PATHS = (
					"$(inherited)",
					"@executable_path/Frameworks",
					"@loader_path/Frameworks",
				);
				PRODUCT_BUNDLE_IDENTIFIER = com.giovannarodrigues.SelfiegramUITests;
				PRODUCT_NAME = "$(TARGET_NAME)";
				SWIFT_VERSION = 5.0;
				TARGETED_DEVICE_FAMILY = "1,2";
				TEST_TARGET_NAME = Selfiegram;
			};
			name = Debug;
		};
		9CC3681126A74B95004794C9 /* Release */ = {
			isa = XCBuildConfiguration;
			buildSettings = {
				ALWAYS_EMBED_SWIFT_STANDARD_LIBRARIES = YES;
				CODE_SIGN_STYLE = Automatic;
				DEVELOPMENT_TEAM = S2NLC87TPJ;
				INFOPLIST_FILE = SelfiegramUITests/Info.plist;
				LD_RUNPATH_SEARCH_PATHS = (
					"$(inherited)",
					"@executable_path/Frameworks",
					"@loader_path/Frameworks",
				);
				PRODUCT_BUNDLE_IDENTIFIER = com.giovannarodrigues.SelfiegramUITests;
				PRODUCT_NAME = "$(TARGET_NAME)";
				SWIFT_VERSION = 5.0;
				TARGETED_DEVICE_FAMILY = "1,2";
				TEST_TARGET_NAME = Selfiegram;
			};
			name = Release;
		};
/* End XCBuildConfiguration section */

/* Begin XCConfigurationList section */
		9CC367DA26A74B91004794C9 /* Build configuration list for PBXProject "Selfiegram" */ = {
			isa = XCConfigurationList;
			buildConfigurations = (
				9CC3680726A74B95004794C9 /* Debug */,
				9CC3680826A74B95004794C9 /* Release */,
			);
			defaultConfigurationIsVisible = 0;
			defaultConfigurationName = Release;
		};
		9CC3680926A74B95004794C9 /* Build configuration list for PBXNativeTarget "Selfiegram" */ = {
			isa = XCConfigurationList;
			buildConfigurations = (
				9CC3680A26A74B95004794C9 /* Debug */,
				9CC3680B26A74B95004794C9 /* Release */,
			);
			defaultConfigurationIsVisible = 0;
			defaultConfigurationName = Release;
		};
		9CC3680C26A74B95004794C9 /* Build configuration list for PBXNativeTarget "SelfiegramTests" */ = {
			isa = XCConfigurationList;
			buildConfigurations = (
				9CC3680D26A74B95004794C9 /* Debug */,
				9CC3680E26A74B95004794C9 /* Release */,
			);
			defaultConfigurationIsVisible = 0;
			defaultConfigurationName = Release;
		};
		9CC3680F26A74B95004794C9 /* Build configuration list for PBXNativeTarget "SelfiegramUITests" */ = {
			isa = XCConfigurationList;
			buildConfigurations = (
				9CC3681026A74B95004794C9 /* Debug */,
				9CC3681126A74B95004794C9 /* Release */,
			);
			defaultConfigurationIsVisible = 0;
			defaultConfigurationName = Release;
		};
/* End XCConfigurationList section */
	};
	rootObject = 9CC367D726A74B91004794C9 /* Project object */;
}
